Microsoft Visual Studio Solution File, Format Version 12.00
# Visual Studio Version 17
VisualStudioVersion = 17.0.31903.59
MinimumVisualStudioVersion = 10.0.40219.1
Project("{9A19103F-16F7-4668-BE54-9A1E7A4F7556}") = "TalageIntegration.API", "TalageIntegration.API\TalageIntegration.API.csproj", "{1D2FE050-2643-4C86-BF69-3BEB05F39A28}"
EndProject
Project("{9A19103F-16F7-4668-BE54-9A1E7A4F7556}") = "Talage.SDK", "Talage.SDK\Talage.SDK.csproj", "{F59BAA95-DB0E-4513-BB52-F41F355DACF9}"
EndProject
Global
	GlobalSection(SolutionConfigurationPlatforms) = preSolution
		Debug|Any CPU = Debug|Any CPU
		Release|Any CPU = Release|Any CPU
	EndGlobalSection
	GlobalSection(SolutionProperties) = preSolution
		HideSolutionNode = FALSE
	EndGlobalSection
	GlobalSection(ProjectConfigurationPlatforms) = postSolution
		{1D2FE050-2643-4C86-BF69-3BEB05F39A28}.Debug|Any CPU.ActiveCfg = Debug|Any CPU
		{1D2FE050-2643-4C86-BF69-3BEB05F39A28}.Debug|Any CPU.Build.0 = Debug|Any CPU
		{1D2FE050-2643-4C86-BF69-3BEB05F39A28}.Release|Any CPU.ActiveCfg = Release|Any CPU
		{1D2FE050-2643-4C86-BF69-3BEB05F39A28}.Release|Any CPU.Build.0 = Release|Any CPU
		{F59BAA95-DB0E-4513-BB52-F41F355DACF9}.Debug|Any CPU.ActiveCfg = Debug|Any CPU
		{F59BAA95-DB0E-4513-BB52-F41F355DACF9}.Debug|Any CPU.Build.0 = Debug|Any CPU
		{F59BAA95-DB0E-4513-BB52-F41F355DACF9}.Release|Any CPU.ActiveCfg = Release|Any CPU
		{F59BAA95-DB0E-4513-BB52-F41F355DACF9}.Release|Any CPU.Build.0 = Release|Any CPU
	EndGlobalSection
EndGlobal
